// !$*UTF8*$!
{
	archiveVersion = 1;
	classes = {
	};
	objectVersion = 55;
	objects = {

/* Begin PBXBuildFile section */
		1608093627249FB200E84DCE /* AppDelegate.swift in Sources */ = {isa = PBXBuildFile; fileRef = 1608093527249FB200E84DCE /* AppDelegate.swift */; };
		1608093827249FB200E84DCE /* SceneDelegate.swift in Sources */ = {isa = PBXBuildFile; fileRef = 1608093727249FB200E84DCE /* SceneDelegate.swift */; };
		1608093A27249FB200E84DCE /* ViewController.swift in Sources */ = {isa = PBXBuildFile; fileRef = 1608093927249FB200E84DCE /* ViewController.swift */; };
		1608093F27249FC400E84DCE /* Assets.xcassets in Resources */ = {isa = PBXBuildFile; fileRef = 1608093E27249FC400E84DCE /* Assets.xcassets */; };
		1608094227249FC400E84DCE /* LaunchScreen.storyboard in Resources */ = {isa = PBXBuildFile; fileRef = 1608094027249FC400E84DCE /* LaunchScreen.storyboard */; };
		1608094F2725F7CE00E84DCE /* Main.storyboard in Resources */ = {isa = PBXBuildFile; fileRef = 1608094E2725F7CE00E84DCE /* Main.storyboard */; };
		160809522725F83600E84DCE /* Result.storyboard in Resources */ = {isa = PBXBuildFile; fileRef = 160809512725F83600E84DCE /* Result.storyboard */; };
		160809552725FB7F00E84DCE /* FormViewController.swift in Sources */ = {isa = PBXBuildFile; fileRef = 160809542725FB7F00E84DCE /* FormViewController.swift */; };
		160809582725FBF800E84DCE /* IMC.swift in Sources */ = {isa = PBXBuildFile; fileRef = 160809572725FBF800E84DCE /* IMC.swift */; };
		1608095B272600F400E84DCE /* ResultViewController.swift in Sources */ = {isa = PBXBuildFile; fileRef = 1608095A272600F400E84DCE /* ResultViewController.swift */; };
/* End PBXBuildFile section */

/* Begin PBXFileReference section */
		1608093227249FB200E84DCE /* IMC.app */ = {isa = PBXFileReference; explicitFileType = wrapper.application; includeInIndex = 0; path = IMC.app; sourceTree = BUILT_PRODUCTS_DIR; };
		1608093527249FB200E84DCE /* AppDelegate.swift */ = {isa = PBXFileReference; lastKnownFileType = sourcecode.swift; path = AppDelegate.swift; sourceTree = "<group>"; };
		1608093727249FB200E84DCE /* SceneDelegate.swift */ = {isa = PBXFileReference; lastKnownFileType = sourcecode.swift; path = SceneDelegate.swift; sourceTree = "<group>"; };
		1608093927249FB200E84DCE /* ViewController.swift */ = {isa = PBXFileReference; lastKnownFileType = sourcecode.swift; path = ViewController.swift; sourceTree = "<group>"; };
		1608093E27249FC400E84DCE /* Assets.xcassets */ = {isa = PBXFileReference; lastKnownFileType = folder.assetcatalog; path = Assets.xcassets; sourceTree = "<group>"; };
		1608094127249FC400E84DCE /* Base */ = {isa = PBXFileReference; lastKnownFileType = file.storyboard; name = Base; path = Base.lproj/LaunchScreen.storyboard; sourceTree = "<group>"; };
		1608094327249FC400E84DCE /* Info.plist */ = {isa = PBXFileReference; lastKnownFileType = text.plist.xml; path = Info.plist; sourceTree = "<group>"; };
		1608094E2725F7CE00E84DCE /* Main.storyboard */ = {isa = PBXFileReference; fileEncoding = 4; lastKnownFileType = file.storyboard; path = Main.storyboard; sourceTree = "<group>"; };
		160809512725F83600E84DCE /* Result.storyboard */ = {isa = PBXFileReference; lastKnownFileType = file.storyboard; path = Result.storyboard; sourceTree = "<group>"; };
		160809542725FB7F00E84DCE /* FormViewController.swift */ = {isa = PBXFileReference; lastKnownFileType = sourcecode.swift; path = FormViewController.swift; sourceTree = "<group>"; };
		160809572725FBF800E84DCE /* IMC.swift */ = {isa = PBXFileReference; lastKnownFileType = sourcecode.swift; path = IMC.swift; sourceTree = "<group>"; };
		1608095A272600F400E84DCE /* ResultViewController.swift */ = {isa = PBXFileReference; lastKnownFileType = sourcecode.swift; path = ResultViewController.swift; sourceTree = "<group>"; };
/* End PBXFileReference section */

/* Begin PBXFrameworksBuildPhase section */
		1608092F27249FB200E84DCE /* Frameworks */ = {
			isa = PBXFrameworksBuildPhase;
			buildActionMask = 2147483647;
			files = (
			);
			runOnlyForDeploymentPostprocessing = 0;
		};
/* End PBXFrameworksBuildPhase section */

/* Begin PBXGroup section */
		1608092927249FB200E84DCE = {
			isa = PBXGroup;
			children = (
				1608093427249FB200E84DCE /* IMC */,
				1608093327249FB200E84DCE /* Products */,
			);
			sourceTree = "<group>";
		};
		1608093327249FB200E84DCE /* Products */ = {
			isa = PBXGroup;
			children = (
				1608093227249FB200E84DCE /* IMC.app */,
			);
			name = Products;
			sourceTree = "<group>";
		};
		1608093427249FB200E84DCE /* IMC */ = {
			isa = PBXGroup;
			children = (
				160809562725FBBB00E84DCE /* Models */,
				1608094C2725F73B00E84DCE /* Result */,
				160809492724A07100E84DCE /* Form */,
				1608093527249FB200E84DCE /* AppDelegate.swift */,
				1608093727249FB200E84DCE /* SceneDelegate.swift */,
				1608093927249FB200E84DCE /* ViewController.swift */,
				1608093E27249FC400E84DCE /* Assets.xcassets */,
				1608094027249FC400E84DCE /* LaunchScreen.storyboard */,
				1608094327249FC400E84DCE /* Info.plist */,
			);
			path = IMC;
			sourceTree = "<group>";
		};
		160809492724A07100E84DCE /* Form */ = {
			isa = PBXGroup;
			children = (
				160809532725FB3E00E84DCE /* ViewController */,
				1608094D2725F7A300E84DCE /* View */,
			);
			path = Form;
			sourceTree = "<group>";
		};
		1608094C2725F73B00E84DCE /* Result */ = {
			isa = PBXGroup;
			children = (
				16080959272600C000E84DCE /* ViewController */,
				160809502725F7DF00E84DCE /* View */,
			);
			path = Result;
			sourceTree = "<group>";
		};
		1608094D2725F7A300E84DCE /* View */ = {
			isa = PBXGroup;
			children = (
				1608094E2725F7CE00E84DCE /* Main.storyboard */,
			);
			path = View;
			sourceTree = "<group>";
		};
		160809502725F7DF00E84DCE /* View */ = {
			isa = PBXGroup;
			children = (
				160809512725F83600E84DCE /* Result.storyboard */,
			);
			path = View;
			sourceTree = "<group>";
		};
		160809532725FB3E00E84DCE /* ViewController */ = {
			isa = PBXGroup;
			children = (
				160809542725FB7F00E84DCE /* FormViewController.swift */,
			);
			path = ViewController;
			sourceTree = "<group>";
		};
		160809562725FBBB00E84DCE /* Models */ = {
			isa = PBXGroup;
			children = (
				160809572725FBF800E84DCE /* IMC.swift */,
			);
			path = Models;
			sourceTree = "<group>";
		};
		16080959272600C000E84DCE /* ViewController */ = {
			isa = PBXGroup;
			children = (
				1608095A272600F400E84DCE /* ResultViewController.swift */,
			);
			path = ViewController;
			sourceTree = "<group>";
		};
/* End PBXGroup section */

/* Begin PBXNativeTarget section */
		1608093127249FB200E84DCE /* IMC */ = {
			isa = PBXNativeTarget;
			buildConfigurationList = 1608094627249FC400E84DCE /* Build configuration list for PBXNativeTarget "IMC" */;
			buildPhases = (
				1608092E27249FB200E84DCE /* Sources */,
				1608092F27249FB200E84DCE /* Frameworks */,
				1608093027249FB200E84DCE /* Resources */,
			);
			buildRules = (
			);
			dependencies = (
			);
			name = IMC;
			productName = IMC;
			productReference = 1608093227249FB200E84DCE /* IMC.app */;
			productType = "com.apple.product-type.application";
		};
/* End PBXNativeTarget section */

/* Begin PBXProject section */
		1608092A27249FB200E84DCE /* Project object */ = {
			isa = PBXProject;
			attributes = {
				BuildIndependentTargetsInParallel = 1;
				LastSwiftUpdateCheck = 1300;
				LastUpgradeCheck = 1300;
				TargetAttributes = {
					1608093127249FB200E84DCE = {
						CreatedOnToolsVersion = 13.0;
					};
				};
			};
			buildConfigurationList = 1608092D27249FB200E84DCE /* Build configuration list for PBXProject "IMC" */;
			compatibilityVersion = "Xcode 13.0";
			developmentRegion = en;
			hasScannedForEncodings = 0;
			knownRegions = (
				en,
				Base,
			);
			mainGroup = 1608092927249FB200E84DCE;
			productRefGroup = 1608093327249FB200E84DCE /* Products */;
			projectDirPath = "";
			projectRoot = "";
			targets = (
				1608093127249FB200E84DCE /* IMC */,
			);
		};
/* End PBXProject section */

/* Begin PBXResourcesBuildPhase section */
		1608093027249FB200E84DCE /* Resources */ = {
			isa = PBXResourcesBuildPhase;
			buildActionMask = 2147483647;
			files = (
				1608094227249FC400E84DCE /* LaunchScreen.storyboard in Resources */,
				160809522725F83600E84DCE /* Result.storyboard in Resources */,
				1608094F2725F7CE00E84DCE /* Main.storyboard in Resources */,
				1608093F27249FC400E84DCE /* Assets.xcassets in Resources */,
			);
			runOnlyForDeploymentPostprocessing = 0;
		};
/* End PBXResourcesBuildPhase section */

/* Begin PBXSourcesBuildPhase section */
		1608092E27249FB200E84DCE /* Sources */ = {
			isa = PBXSourcesBuildPhase;
			buildActionMask = 2147483647;
			files = (
				1608093A27249FB200E84DCE /* ViewController.swift in Sources */,
				1608093627249FB200E84DCE /* AppDelegate.swift in Sources */,
				160809552725FB7F00E84DCE /* FormViewController.swift in Sources */,
				160809582725FBF800E84DCE /* IMC.swift in Sources */,
				1608093827249FB200E84DCE /* SceneDelegate.swift in Sources */,
				1608095B272600F400E84DCE /* ResultViewController.swift in Sources */,
			);
			runOnlyForDeploymentPostprocessing = 0;
		};
/* End PBXSourcesBuildPhase section */

/* Begin PBXVariantGroup section */
		1608094027249FC400E84DCE /* LaunchScreen.storyboard */ = {
			isa = PBXVariantGroup;
			children = (
				1608094127249FC400E84DCE /* Base */,
			);
			name = LaunchScreen.storyboard;
			sourceTree = "<group>";
		};
/* End PBXVariantGroup section */

/* Begin XCBuildConfiguration section */
		1608094427249FC400E84DCE /* Debug */ = {
			isa = XCBuildConfiguration;
			buildSettings = {
				ALWAYS_SEARCH_USER_PATHS = NO;
				CLANG_ANALYZER_NONNULL = YES;
				CLANG_ANALYZER_NUMBER_OBJECT_CONVERSION = YES_AGGRESSIVE;
				CLANG_CXX_LANGUAGE_STANDARD = "gnu++17";
				CLANG_CXX_LIBRARY = "libc++";
				CLANG_ENABLE_MODULES = YES;
				CLANG_ENABLE_OBJC_ARC = YES;
				CLANG_ENABLE_OBJC_WEAK = YES;
				CLANG_WARN_BLOCK_CAPTURE_AUTORELEASING = YES;
				CLANG_WARN_BOOL_CONVERSION = YES;
				CLANG_WARN_COMMA = YES;
				CLANG_WARN_CONSTANT_CONVERSION = YES;
				CLANG_WARN_DEPRECATED_OBJC_IMPLEMENTATIONS = YES;
				CLANG_WARN_DIRECT_OBJC_ISA_USAGE = YES_ERROR;
				CLANG_WARN_DOCUMENTATION_COMMENTS = YES;
				CLANG_WARN_EMPTY_BODY = YES;
				CLANG_WARN_ENUM_CONVERSION = YES;
				CLANG_WARN_INFINITE_RECURSION = YES;
				CLANG_WARN_INT_CONVERSION = YES;
				CLANG_WARN_NON_LITERAL_NULL_CONVERSION = YES;
				CLANG_WARN_OBJC_IMPLICIT_RETAIN_SELF = YES;
				CLANG_WARN_OBJC_LITERAL_CONVERSION = YES;
				CLANG_WARN_OBJC_ROOT_CLASS = YES_ERROR;
				CLANG_WARN_QUOTED_INCLUDE_IN_FRAMEWORK_HEADER = YES;
				CLANG_WARN_RANGE_LOOP_ANALYSIS = YES;
				CLANG_WARN_STRICT_PROTOTYPES = YES;
				CLANG_WARN_SUSPICIOUS_MOVE = YES;
				CLANG_WARN_UNGUARDED_AVAILABILITY = YES_AGGRESSIVE;
				CLANG_WARN_UNREACHABLE_CODE = YES;
				CLANG_WARN__DUPLICATE_METHOD_MATCH = YES;
				COPY_PHASE_STRIP = NO;
				DEBUG_INFORMATION_FORMAT = dwarf;
				ENABLE_STRICT_OBJC_MSGSEND = YES;
				ENABLE_TESTABILITY = YES;
				GCC_C_LANGUAGE_STANDARD = gnu11;
				GCC_DYNAMIC_NO_PIC = NO;
				GCC_NO_COMMON_BLOCKS = YES;
				GCC_OPTIMIZATION_LEVEL = 0;
				GCC_PREPROCESSOR_DEFINITIONS = (
					"DEBUG=1",
					"$(inherited)",
				);
				GCC_WARN_64_TO_32_BIT_CONVERSION = YES;
				GCC_WARN_ABOUT_RETURN_TYPE = YES_ERROR;
				GCC_WARN_UNDECLARED_SELECTOR = YES;
				GCC_WARN_UNINITIALIZED_AUTOS = YES_AGGRESSIVE;
				GCC_WARN_UNUSED_FUNCTION = YES;
				GCC_WARN_UNUSED_VARIABLE = YES;
				IPHONEOS_DEPLOYMENT_TARGET = 15.0;
				MTL_ENABLE_DEBUG_INFO = INCLUDE_SOURCE;
				MTL_FAST_MATH = YES;
				ONLY_ACTIVE_ARCH = YES;
				SDKROOT = iphoneos;
				SWIFT_ACTIVE_COMPILATION_CONDITIONS = DEBUG;
				SWIFT_OPTIMIZATION_LEVEL = "-Onone";
			};
			name = Debug;
		};
		1608094527249FC400E84DCE /* Release */ = {
			isa = XCBuildConfiguration;
			buildSettings = {
				ALWAYS_SEARCH_USER_PATHS = NO;
				CLANG_ANALYZER_NONNULL = YES;
				CLANG_ANALYZER_NUMBER_OBJECT_CONVERSION = YES_AGGRESSIVE;
				CLANG_CXX_LANGUAGE_STANDARD = "gnu++17";
				CLANG_CXX_LIBRARY = "libc++";
				CLANG_ENABLE_MODULES = YES;
				CLANG_ENABLE_OBJC_ARC = YES;
				CLANG_ENABLE_OBJC_WEAK = YES;
				CLANG_WARN_BLOCK_CAPTURE_AUTORELEASING = YES;
				CLANG_WARN_BOOL_CONVERSION = YES;
				CLANG_WARN_COMMA = YES;
				CLANG_WARN_CONSTANT_CONVERSION = YES;
				CLANG_WARN_DEPRECATED_OBJC_IMPLEMENTATIONS = YES;
				CLANG_WARN_DIRECT_OBJC_ISA_USAGE = YES_ERROR;
				CLANG_WARN_DOCUMENTATION_COMMENTS = YES;
				CLANG_WARN_EMPTY_BODY = YES;
				CLANG_WARN_ENUM_CONVERSION = YES;
				CLANG_WARN_INFINITE_RECURSION = YES;
				CLANG_WARN_INT_CONVERSION = YES;
				CLANG_WARN_NON_LITERAL_NULL_CONVERSION = YES;
				CLANG_WARN_OBJC_IMPLICIT_RETAIN_SELF = YES;
				CLANG_WARN_OBJC_LITERAL_CONVERSION = YES;
				CLANG_WARN_OBJC_ROOT_CLASS = YES_ERROR;
				CLANG_WARN_QUOTED_INCLUDE_IN_FRAMEWORK_HEADER = YES;
				CLANG_WARN_RANGE_LOOP_ANALYSIS = YES;
				CLANG_WARN_STRICT_PROTOTYPES = YES;
				CLANG_WARN_SUSPICIOUS_MOVE = YES;
				CLANG_WARN_UNGUARDED_AVAILABILITY = YES_AGGRESSIVE;
				CLANG_WARN_UNREACHABLE_CODE = YES;
				CLANG_WARN__DUPLICATE_METHOD_MATCH = YES;
				COPY_PHASE_STRIP = NO;
				DEBUG_INFORMATION_FORMAT = "dwarf-with-dsym";
				ENABLE_NS_ASSERTIONS = NO;
				ENABLE_STRICT_OBJC_MSGSEND = YES;
				GCC_C_LANGUAGE_STANDARD = gnu11;
				GCC_NO_COMMON_BLOCKS = YES;
				GCC_WARN_64_TO_32_BIT_CONVERSION = YES;
				GCC_WARN_ABOUT_RETURN_TYPE = YES_ERROR;
				GCC_WARN_UNDECLARED_SELECTOR = YES;
				GCC_WARN_UNINITIALIZED_AUTOS = YES_AGGRESSIVE;
				GCC_WARN_UNUSED_FUNCTION = YES;
				GCC_WARN_UNUSED_VARIABLE = YES;
				IPHONEOS_DEPLOYMENT_TARGET = 15.0;
				MTL_ENABLE_DEBUG_INFO = NO;
				MTL_FAST_MATH = YES;
				SDKROOT = iphoneos;
				SWIFT_COMPILATION_MODE = wholemodule;
				SWIFT_OPTIMIZATION_LEVEL = "-O";
				VALIDATE_PRODUCT = YES;
			};
			name = Release;
		};
		1608094727249FC400E84DCE /* Debug */ = {
			isa = XCBuildConfiguration;
			buildSettings = {
				ASSETCATALOG_COMPILER_APPICON_NAME = AppIcon;
				ASSETCATALOG_COMPILER_GLOBAL_ACCENT_COLOR_NAME = AccentColor;
				CODE_SIGN_STYLE = Automatic;
				CURRENT_PROJECT_VERSION = 1;
				DEVELOPMENT_TEAM = WATPVKY6M9;
				GENERATE_INFOPLIST_FILE = YES;
				INFOPLIST_FILE = IMC/Info.plist;
				INFOPLIST_KEY_UIApplicationSupportsIndirectInputEvents = YES;
				INFOPLIST_KEY_UILaunchStoryboardName = LaunchScreen;
				INFOPLIST_KEY_UIMainStoryboardFile = Main;
				INFOPLIST_KEY_UISupportedInterfaceOrientations_iPad = "UIInterfaceOrientationPortrait UIInterfaceOrientationPortraitUpsideDown UIInterfaceOrientationLandscapeLeft UIInterfaceOrientationLandscapeRight";
				INFOPLIST_KEY_UISupportedInterfaceOrientations_iPhone = "UIInterfaceOrientationPortrait UIInterfaceOrientationLandscapeLeft UIInterfaceOrientationLandscapeRight";
				LD_RUNPATH_SEARCH_PATHS = (
					"$(inherited)",
					"@executable_path/Frameworks",
				);
				MARKETING_VERSION = 1.0;
				PRODUCT_BUNDLE_IDENTIFIER = br.com.nfsconsultoria.IMC;
				PRODUCT_NAME = "$(TARGET_NAME)";
				SWIFT_EMIT_LOC_STRINGS = YES;
				SWIFT_VERSION = 5.0;
				TARGETED_DEVICE_FAMILY = "1,2";
			};
			name = Debug;
		};
		1608094827249FC400E84DCE /* Release */ = {
			isa = XCBuildConfiguration;
			buildSettings = {
				ASSETCATALOG_COMPILER_APPICON_NAME = AppIcon;
				ASSETCATALOG_COMPILER_GLOBAL_ACCENT_COLOR_NAME = AccentColor;
				CODE_SIGN_STYLE = Automatic;
				CURRENT_PROJECT_VERSION = 1;
				DEVELOPMENT_TEAM = WATPVKY6M9;
				GENERATE_INFOPLIST_FILE = YES;
				INFOPLIST_FILE = IMC/Info.plist;
				INFOPLIST_KEY_UIApplicationSupportsIndirectInputEvents = YES;
				INFOPLIST_KEY_UILaunchStoryboardName = LaunchScreen;
				INFOPLIST_KEY_UIMainStoryboardFile = Main;
				INFOPLIST_KEY_UISupportedInterfaceOrientations_iPad = "UIInterfaceOrientationPortrait UIInterfaceOrientationPortraitUpsideDown UIInterfaceOrientationLandscapeLeft UIInterfaceOrientationLandscapeRight";
				INFOPLIST_KEY_UISupportedInterfaceOrientations_iPhone = "UIInterfaceOrientationPortrait UIInterfaceOrientationLandscapeLeft UIInterfaceOrientationLandscapeRight";
				LD_RUNPATH_SEARCH_PATHS = (
					"$(inherited)",
					"@executable_path/Frameworks",
				);
				MARKETING_VERSION = 1.0;
				PRODUCT_BUNDLE_IDENTIFIER = br.com.nfsconsultoria.IMC;
				PRODUCT_NAME = "$(TARGET_NAME)";
				SWIFT_EMIT_LOC_STRINGS = YES;
				SWIFT_VERSION = 5.0;
				TARGETED_DEVICE_FAMILY = "1,2";
			};
			name = Release;
		};
/* End XCBuildConfiguration section */

/* Begin XCConfigurationList section */
		1608092D27249FB200E84DCE /* Build configuration list for PBXProject "IMC" */ = {
			isa = XCConfigurationList;
			buildConfigurations = (
				1608094427249FC400E84DCE /* Debug */,
				1608094527249FC400E84DCE /* Release */,
			);
			defaultConfigurationIsVisible = 0;
			defaultConfigurationName = Release;
		};
		1608094627249FC400E84DCE /* Build configuration list for PBXNativeTarget "IMC" */ = {
			isa = XCConfigurationList;
			buildConfigurations = (
				1608094727249FC400E84DCE /* Debug */,
				1608094827249FC400E84DCE /* Release */,
			);
			defaultConfigurationIsVisible = 0;
			defaultConfigurationName = Release;
		};
/* End XCConfigurationList section */
	};
	rootObject = 1608092A27249FB200E84DCE /* Project object */;
}
